// !$*UTF8*$!
{
	archiveVersion = 1;
	classes = {
	};
	objectVersion = 50;
	objects = {

/* Begin PBXBuildFile section */
		4797531B258BA80500F48353 /* AppDelegate.swift in Sources */ = {isa = PBXBuildFile; fileRef = 4797531A258BA80500F48353 /* AppDelegate.swift */; };
		4797531D258BA80500F48353 /* SceneDelegate.swift in Sources */ = {isa = PBXBuildFile; fileRef = 4797531C258BA80500F48353 /* SceneDelegate.swift */; };
		4797531F258BA80500F48353 /* SeenView.swift in Sources */ = {isa = PBXBuildFile; fileRef = 4797531E258BA80500F48353 /* SeenView.swift */; };
		47975322258BA80500F48353 /* Main.storyboard in Resources */ = {isa = PBXBuildFile; fileRef = 47975320258BA80500F48353 /* Main.storyboard */; };
		47975324258BA80600F48353 /* Assets.xcassets in Resources */ = {isa = PBXBuildFile; fileRef = 47975323258BA80600F48353 /* Assets.xcassets */; };
		47975327258BA80600F48353 /* LaunchScreen.storyboard in Resources */ = {isa = PBXBuildFile; fileRef = 47975325258BA80600F48353 /* LaunchScreen.storyboard */; };
		47975332258BA80600F48353 /* GlassSelectionDemoTests.swift in Sources */ = {isa = PBXBuildFile; fileRef = 47975331258BA80600F48353 /* GlassSelectionDemoTests.swift */; };
		4797533D258BA80600F48353 /* GlassSelectionDemoUITests.swift in Sources */ = {isa = PBXBuildFile; fileRef = 4797533C258BA80600F48353 /* GlassSelectionDemoUITests.swift */; };
		4797534E258BA82A00F48353 /* GlassSelectionCell.swift in Sources */ = {isa = PBXBuildFile; fileRef = 4797534D258BA82A00F48353 /* GlassSelectionCell.swift */; };
		47975353258BA83300F48353 /* GlassSelectionCell.xib in Resources */ = {isa = PBXBuildFile; fileRef = 47975352258BA83300F48353 /* GlassSelectionCell.xib */; };
		47F96E13258CD834007903A7 /* img3.png in Resources */ = {isa = PBXBuildFile; fileRef = 47F96E12258CD834007903A7 /* img3.png */; };
		47F96E18258CD845007903A7 /* imag1.png in Resources */ = {isa = PBXBuildFile; fileRef = 47F96E17258CD845007903A7 /* imag1.png */; };
/* End PBXBuildFile section */

/* Begin PBXContainerItemProxy section */
		4797532E258BA80600F48353 /* PBXContainerItemProxy */ = {
			isa = PBXContainerItemProxy;
			containerPortal = 4797530F258BA80500F48353 /* Project object */;
			proxyType = 1;
			remoteGlobalIDString = 47975316258BA80500F48353;
			remoteInfo = GlassSelectionDemo;
		};
		47975339258BA80600F48353 /* PBXContainerItemProxy */ = {
			isa = PBXContainerItemProxy;
			containerPortal = 4797530F258BA80500F48353 /* Project object */;
			proxyType = 1;
			remoteGlobalIDString = 47975316258BA80500F48353;
			remoteInfo = GlassSelectionDemo;
		};
/* End PBXContainerItemProxy section */

/* Begin PBXFileReference section */
		47975317258BA80500F48353 /* GlassSelectionDemo.app */ = {isa = PBXFileReference; explicitFileType = wrapper.application; includeInIndex = 0; path = GlassSelectionDemo.app; sourceTree = BUILT_PRODUCTS_DIR; };
		4797531A258BA80500F48353 /* AppDelegate.swift */ = {isa = PBXFileReference; lastKnownFileType = sourcecode.swift; path = AppDelegate.swift; sourceTree = "<group>"; };
		4797531C258BA80500F48353 /* SceneDelegate.swift */ = {isa = PBXFileReference; lastKnownFileType = sourcecode.swift; path = SceneDelegate.swift; sourceTree = "<group>"; };
		4797531E258BA80500F48353 /* SeenView.swift */ = {isa = PBXFileReference; lastKnownFileType = sourcecode.swift; path = SeenView.swift; sourceTree = "<group>"; };
		47975321258BA80500F48353 /* Base */ = {isa = PBXFileReference; lastKnownFileType = file.storyboard; name = Base; path = Base.lproj/Main.storyboard; sourceTree = "<group>"; };
		47975323258BA80600F48353 /* Assets.xcassets */ = {isa = PBXFileReference; lastKnownFileType = folder.assetcatalog; path = Assets.xcassets; sourceTree = "<group>"; };
		47975326258BA80600F48353 /* Base */ = {isa = PBXFileReference; lastKnownFileType = file.storyboard; name = Base; path = Base.lproj/LaunchScreen.storyboard; sourceTree = "<group>"; };
		47975328258BA80600F48353 /* Info.plist */ = {isa = PBXFileReference; lastKnownFileType = text.plist.xml; path = Info.plist; sourceTree = "<group>"; };
		4797532D258BA80600F48353 /* GlassSelectionDemoTests.xctest */ = {isa = PBXFileReference; explicitFileType = wrapper.cfbundle; includeInIndex = 0; path = GlassSelectionDemoTests.xctest; sourceTree = BUILT_PRODUCTS_DIR; };
		47975331258BA80600F48353 /* GlassSelectionDemoTests.swift */ = {isa = PBXFileReference; lastKnownFileType = sourcecode.swift; path = GlassSelectionDemoTests.swift; sourceTree = "<group>"; };
		47975333258BA80600F48353 /* Info.plist */ = {isa = PBXFileReference; lastKnownFileType = text.plist.xml; path = Info.plist; sourceTree = "<group>"; };
		47975338258BA80600F48353 /* GlassSelectionDemoUITests.xctest */ = {isa = PBXFileReference; explicitFileType = wrapper.cfbundle; includeInIndex = 0; path = GlassSelectionDemoUITests.xctest; sourceTree = BUILT_PRODUCTS_DIR; };
		4797533C258BA80600F48353 /* GlassSelectionDemoUITests.swift */ = {isa = PBXFileReference; lastKnownFileType = sourcecode.swift; path = GlassSelectionDemoUITests.swift; sourceTree = "<group>"; };
		4797533E258BA80600F48353 /* Info.plist */ = {isa = PBXFileReference; lastKnownFileType = text.plist.xml; path = Info.plist; sourceTree = "<group>"; };
		4797534D258BA82A00F48353 /* GlassSelectionCell.swift */ = {isa = PBXFileReference; lastKnownFileType = sourcecode.swift; path = GlassSelectionCell.swift; sourceTree = "<group>"; };
		47975352258BA83300F48353 /* GlassSelectionCell.xib */ = {isa = PBXFileReference; lastKnownFileType = file.xib; path = GlassSelectionCell.xib; sourceTree = "<group>"; };
		47F96E12258CD834007903A7 /* img3.png */ = {isa = PBXFileReference; lastKnownFileType = image.png; path = img3.png; sourceTree = "<group>"; };
		47F96E17258CD845007903A7 /* imag1.png */ = {isa = PBXFileReference; lastKnownFileType = image.png; path = imag1.png; sourceTree = "<group>"; };
/* End PBXFileReference section */

/* Begin PBXFrameworksBuildPhase section */
		47975314258BA80500F48353 /* Frameworks */ = {
			isa = PBXFrameworksBuildPhase;
			buildActionMask = 2147483647;
			files = (
			);
			runOnlyForDeploymentPostprocessing = 0;
		};
		4797532A258BA80600F48353 /* Frameworks */ = {
			isa = PBXFrameworksBuildPhase;
			buildActionMask = 2147483647;
			files = (
			);
			runOnlyForDeploymentPostprocessing = 0;
		};
		47975335258BA80600F48353 /* Frameworks */ = {
			isa = PBXFrameworksBuildPhase;
			buildActionMask = 2147483647;
			files = (
			);
			runOnlyForDeploymentPostprocessing = 0;
		};
/* End PBXFrameworksBuildPhase section */

/* Begin PBXGroup section */
		4797530E258BA80500F48353 = {
			isa = PBXGroup;
			children = (
				47975319258BA80500F48353 /* GlassSelectionDemo */,
				47975330258BA80600F48353 /* GlassSelectionDemoTests */,
				4797533B258BA80600F48353 /* GlassSelectionDemoUITests */,
				47975318258BA80500F48353 /* Products */,
			);
			sourceTree = "<group>";
		};
		47975318258BA80500F48353 /* Products */ = {
			isa = PBXGroup;
			children = (
				47975317258BA80500F48353 /* GlassSelectionDemo.app */,
				4797532D258BA80600F48353 /* GlassSelectionDemoTests.xctest */,
				47975338258BA80600F48353 /* GlassSelectionDemoUITests.xctest */,
			);
			name = Products;
			sourceTree = "<group>";
		};
		47975319258BA80500F48353 /* GlassSelectionDemo */ = {
			isa = PBXGroup;
			children = (
				47F96E11258CD75B007903A7 /* Images */,
				4797531A258BA80500F48353 /* AppDelegate.swift */,
				4797531C258BA80500F48353 /* SceneDelegate.swift */,
				4797531E258BA80500F48353 /* SeenView.swift */,
				47975320258BA80500F48353 /* Main.storyboard */,
				47975323258BA80600F48353 /* Assets.xcassets */,
				47975325258BA80600F48353 /* LaunchScreen.storyboard */,
				47975328258BA80600F48353 /* Info.plist */,
				4797534D258BA82A00F48353 /* GlassSelectionCell.swift */,
				47975352258BA83300F48353 /* GlassSelectionCell.xib */,
			);
			path = GlassSelectionDemo;
			sourceTree = "<group>";
		};
		47975330258BA80600F48353 /* GlassSelectionDemoTests */ = {
			isa = PBXGroup;
			children = (
				47975331258BA80600F48353 /* GlassSelectionDemoTests.swift */,
				47975333258BA80600F48353 /* Info.plist */,
			);
			path = GlassSelectionDemoTests;
			sourceTree = "<group>";
		};
		4797533B258BA80600F48353 /* GlassSelectionDemoUITests */ = {
			isa = PBXGroup;
			children = (
				4797533C258BA80600F48353 /* GlassSelectionDemoUITests.swift */,
				4797533E258BA80600F48353 /* Info.plist */,
			);
			path = GlassSelectionDemoUITests;
			sourceTree = "<group>";
		};
		47F96E11258CD75B007903A7 /* Images */ = {
			isa = PBXGroup;
			children = (
				47F96E17258CD845007903A7 /* imag1.png */,
				47F96E12258CD834007903A7 /* img3.png */,
			);
			path = Images;
			sourceTree = "<group>";
		};
/* End PBXGroup section */

/* Begin PBXNativeTarget section */
		47975316258BA80500F48353 /* GlassSelectionDemo */ = {
			isa = PBXNativeTarget;
			buildConfigurationList = 47975341258BA80600F48353 /* Build configuration list for PBXNativeTarget "GlassSelectionDemo" */;
			buildPhases = (
				47975313258BA80500F48353 /* Sources */,
				47975314258BA80500F48353 /* Frameworks */,
				47975315258BA80500F48353 /* Resources */,
			);
			buildRules = (
			);
			dependencies = (
			);
			name = GlassSelectionDemo;
			productName = GlassSelectionDemo;
			productReference = 47975317258BA80500F48353 /* GlassSelectionDemo.app */;
			productType = "com.apple.product-type.application";
		};
		4797532C258BA80600F48353 /* GlassSelectionDemoTests */ = {
			isa = PBXNativeTarget;
			buildConfigurationList = 47975344258BA80600F48353 /* Build configuration list for PBXNativeTarget "GlassSelectionDemoTests" */;
			buildPhases = (
				47975329258BA80600F48353 /* Sources */,
				4797532A258BA80600F48353 /* Frameworks */,
				4797532B258BA80600F48353 /* Resources */,
			);
			buildRules = (
			);
			dependencies = (
				4797532F258BA80600F48353 /* PBXTargetDependency */,
			);
			name = GlassSelectionDemoTests;
			productName = GlassSelectionDemoTests;
			productReference = 4797532D258BA80600F48353 /* GlassSelectionDemoTests.xctest */;
			productType = "com.apple.product-type.bundle.unit-test";
		};
		47975337258BA80600F48353 /* GlassSelectionDemoUITests */ = {
			isa = PBXNativeTarget;
			buildConfigurationList = 47975347258BA80600F48353 /* Build configuration list for PBXNativeTarget "GlassSelectionDemoUITests" */;
			buildPhases = (
				47975334258BA80600F48353 /* Sources */,
				47975335258BA80600F48353 /* Frameworks */,
				47975336258BA80600F48353 /* Resources */,
			);
			buildRules = (
			);
			dependencies = (
				4797533A258BA80600F48353 /* PBXTargetDependency */,
			);
			name = GlassSelectionDemoUITests;
			productName = GlassSelectionDemoUITests;
			productReference = 47975338258BA80600F48353 /* GlassSelectionDemoUITests.xctest */;
			productType = "com.apple.product-type.bundle.ui-testing";
		};
/* End PBXNativeTarget section */

/* Begin PBXProject section */
		4797530F258BA80500F48353 /* Project object */ = {
			isa = PBXProject;
			attributes = {
				LastSwiftUpdateCheck = 1200;
				LastUpgradeCheck = 1200;
				TargetAttributes = {
					47975316258BA80500F48353 = {
						CreatedOnToolsVersion = 12.0.1;
					};
					4797532C258BA80600F48353 = {
						CreatedOnToolsVersion = 12.0.1;
						TestTargetID = 47975316258BA80500F48353;
					};
					47975337258BA80600F48353 = {
						CreatedOnToolsVersion = 12.0.1;
						TestTargetID = 47975316258BA80500F48353;
					};
				};
			};
			buildConfigurationList = 47975312258BA80500F48353 /* Build configuration list for PBXProject "GlassSelectionDemo" */;
			compatibilityVersion = "Xcode 9.3";
			developmentRegion = en;
			hasScannedForEncodings = 0;
			knownRegions = (
				en,
				Base,
			);
			mainGroup = 4797530E258BA80500F48353;
			productRefGroup = 47975318258BA80500F48353 /* Products */;
			projectDirPath = "";
			projectRoot = "";
			targets = (
				47975316258BA80500F48353 /* GlassSelectionDemo */,
				4797532C258BA80600F48353 /* GlassSelectionDemoTests */,
				47975337258BA80600F48353 /* GlassSelectionDemoUITests */,
			);
		};
/* End PBXProject section */

/* Begin PBXResourcesBuildPhase section */
		47975315258BA80500F48353 /* Resources */ = {
			isa = PBXResourcesBuildPhase;
			buildActionMask = 2147483647;
			files = (
				47975353258BA83300F48353 /* GlassSelectionCell.xib in Resources */,
				47F96E13258CD834007903A7 /* img3.png in Resources */,
				47975327258BA80600F48353 /* LaunchScreen.storyboard in Resources */,
				47975324258BA80600F48353 /* Assets.xcassets in Resources */,
				47975322258BA80500F48353 /* Main.storyboard in Resources */,
				47F96E18258CD845007903A7 /* imag1.png in Resources */,
			);
			runOnlyForDeploymentPostprocessing = 0;
		};
		4797532B258BA80600F48353 /* Resources */ = {
			isa = PBXResourcesBuildPhase;
			buildActionMask = 2147483647;
			files = (
			);
			runOnlyForDeploymentPostprocessing = 0;
		};
		47975336258BA80600F48353 /* Resources */ = {
			isa = PBXResourcesBuildPhase;
			buildActionMask = 2147483647;
			files = (
			);
			runOnlyForDeploymentPostprocessing = 0;
		};
/* End PBXResourcesBuildPhase section */

/* Begin PBXSourcesBuildPhase section */
		47975313258BA80500F48353 /* Sources */ = {
			isa = PBXSourcesBuildPhase;
			buildActionMask = 2147483647;
			files = (
				4797534E258BA82A00F48353 /* GlassSelectionCell.swift in Sources */,
				4797531F258BA80500F48353 /* SeenView.swift in Sources */,
				4797531B258BA80500F48353 /* AppDelegate.swift in Sources */,
				4797531D258BA80500F48353 /* SceneDelegate.swift in Sources */,
			);
			runOnlyForDeploymentPostprocessing = 0;
		};
		47975329258BA80600F48353 /* Sources */ = {
			isa = PBXSourcesBuildPhase;
			buildActionMask = 2147483647;
			files = (
				47975332258BA80600F48353 /* GlassSelectionDemoTests.swift in Sources */,
			);
			runOnlyForDeploymentPostprocessing = 0;
		};
		47975334258BA80600F48353 /* Sources */ = {
			isa = PBXSourcesBuildPhase;
			buildActionMask = 2147483647;
			files = (
				4797533D258BA80600F48353 /* GlassSelectionDemoUITests.swift in Sources */,
			);
			runOnlyForDeploymentPostprocessing = 0;
		};
/* End PBXSourcesBuildPhase section */

/* Begin PBXTargetDependency section */
		4797532F258BA80600F48353 /* PBXTargetDependency */ = {
			isa = PBXTargetDependency;
			target = 47975316258BA80500F48353 /* GlassSelectionDemo */;
			targetProxy = 4797532E258BA80600F48353 /* PBXContainerItemProxy */;
		};
		4797533A258BA80600F48353 /* PBXTargetDependency */ = {
			isa = PBXTargetDependency;
			target = 47975316258BA80500F48353 /* GlassSelectionDemo */;
			targetProxy = 47975339258BA80600F48353 /* PBXContainerItemProxy */;
		};
/* End PBXTargetDependency section */

/* Begin PBXVariantGroup section */
		47975320258BA80500F48353 /* Main.storyboard */ = {
			isa = PBXVariantGroup;
			children = (
				47975321258BA80500F48353 /* Base */,
			);
			name = Main.storyboard;
			sourceTree = "<group>";
		};
		47975325258BA80600F48353 /* LaunchScreen.storyboard */ = {
			isa = PBXVariantGroup;
			children = (
				47975326258BA80600F48353 /* Base */,
			);
			name = LaunchScreen.storyboard;
			sourceTree = "<group>";
		};
/* End PBXVariantGroup section */

/* Begin XCBuildConfiguration section */
		4797533F258BA80600F48353 /* Debug */ = {
			isa = XCBuildConfiguration;
			buildSettings = {
				ALWAYS_SEARCH_USER_PATHS = NO;
				CLANG_ANALYZER_NONNULL = YES;
				CLANG_ANALYZER_NUMBER_OBJECT_CONVERSION = YES_AGGRESSIVE;
				CLANG_CXX_LANGUAGE_STANDARD = "gnu++14";
				CLANG_CXX_LIBRARY = "libc++";
				CLANG_ENABLE_MODULES = YES;
				CLANG_ENABLE_OBJC_ARC = YES;
				CLANG_ENABLE_OBJC_WEAK = YES;
				CLANG_WARN_BLOCK_CAPTURE_AUTORELEASING = YES;
				CLANG_WARN_BOOL_CONVERSION = YES;
				CLANG_WARN_COMMA = YES;
				CLANG_WARN_CONSTANT_CONVERSION = YES;
				CLANG_WARN_DEPRECATED_OBJC_IMPLEMENTATIONS = YES;
				CLANG_WARN_DIRECT_OBJC_ISA_USAGE = YES_ERROR;
				CLANG_WARN_DOCUMENTATION_COMMENTS = YES;
				CLANG_WARN_EMPTY_BODY = YES;
				CLANG_WARN_ENUM_CONVERSION = YES;
				CLANG_WARN_INFINITE_RECURSION = YES;
				CLANG_WARN_INT_CONVERSION = YES;
				CLANG_WARN_NON_LITERAL_NULL_CONVERSION = YES;
				CLANG_WARN_OBJC_IMPLICIT_RETAIN_SELF = YES;
				CLANG_WARN_OBJC_LITERAL_CONVERSION = YES;
				CLANG_WARN_OBJC_ROOT_CLASS = YES_ERROR;
				CLANG_WARN_QUOTED_INCLUDE_IN_FRAMEWORK_HEADER = YES;
				CLANG_WARN_RANGE_LOOP_ANALYSIS = YES;
				CLANG_WARN_STRICT_PROTOTYPES = YES;
				CLANG_WARN_SUSPICIOUS_MOVE = YES;
				CLANG_WARN_UNGUARDED_AVAILABILITY = YES_AGGRESSIVE;
				CLANG_WARN_UNREACHABLE_CODE = YES;
				CLANG_WARN__DUPLICATE_METHOD_MATCH = YES;
				COPY_PHASE_STRIP = NO;
				DEBUG_INFORMATION_FORMAT = dwarf;
				ENABLE_STRICT_OBJC_MSGSEND = YES;
				ENABLE_TESTABILITY = YES;
				GCC_C_LANGUAGE_STANDARD = gnu11;
				GCC_DYNAMIC_NO_PIC = NO;
				GCC_NO_COMMON_BLOCKS = YES;
				GCC_OPTIMIZATION_LEVEL = 0;
				GCC_PREPROCESSOR_DEFINITIONS = (
					"DEBUG=1",
					"$(inherited)",
				);
				GCC_WARN_64_TO_32_BIT_CONVERSION = YES;
				GCC_WARN_ABOUT_RETURN_TYPE = YES_ERROR;
				GCC_WARN_UNDECLARED_SELECTOR = YES;
				GCC_WARN_UNINITIALIZED_AUTOS = YES_AGGRESSIVE;
				GCC_WARN_UNUSED_FUNCTION = YES;
				GCC_WARN_UNUSED_VARIABLE = YES;
				IPHONEOS_DEPLOYMENT_TARGET = 14.0;
				MTL_ENABLE_DEBUG_INFO = INCLUDE_SOURCE;
				MTL_FAST_MATH = YES;
				ONLY_ACTIVE_ARCH = YES;
				SDKROOT = iphoneos;
				SWIFT_ACTIVE_COMPILATION_CONDITIONS = DEBUG;
				SWIFT_OPTIMIZATION_LEVEL = "-Onone";
			};
			name = Debug;
		};
		47975340258BA80600F48353 /* Release */ = {
			isa = XCBuildConfiguration;
			buildSettings = {
				ALWAYS_SEARCH_USER_PATHS = NO;
				CLANG_ANALYZER_NONNULL = YES;
				CLANG_ANALYZER_NUMBER_OBJECT_CONVERSION = YES_AGGRESSIVE;
				CLANG_CXX_LANGUAGE_STANDARD = "gnu++14";
				CLANG_CXX_LIBRARY = "libc++";
				CLANG_ENABLE_MODULES = YES;
				CLANG_ENABLE_OBJC_ARC = YES;
				CLANG_ENABLE_OBJC_WEAK = YES;
				CLANG_WARN_BLOCK_CAPTURE_AUTORELEASING = YES;
				CLANG_WARN_BOOL_CONVERSION = YES;
				CLANG_WARN_COMMA = YES;
				CLANG_WARN_CONSTANT_CONVERSION = YES;
				CLANG_WARN_DEPRECATED_OBJC_IMPLEMENTATIONS = YES;
				CLANG_WARN_DIRECT_OBJC_ISA_USAGE = YES_ERROR;
				CLANG_WARN_DOCUMENTATION_COMMENTS = YES;
				CLANG_WARN_EMPTY_BODY = YES;
				CLANG_WARN_ENUM_CONVERSION = YES;
				CLANG_WARN_INFINITE_RECURSION = YES;
				CLANG_WARN_INT_CONVERSION = YES;
				CLANG_WARN_NON_LITERAL_NULL_CONVERSION = YES;
				CLANG_WARN_OBJC_IMPLICIT_RETAIN_SELF = YES;
				CLANG_WARN_OBJC_LITERAL_CONVERSION = YES;
				CLANG_WARN_OBJC_ROOT_CLASS = YES_ERROR;
				CLANG_WARN_QUOTED_INCLUDE_IN_FRAMEWORK_HEADER = YES;
				CLANG_WARN_RANGE_LOOP_ANALYSIS = YES;
				CLANG_WARN_STRICT_PROTOTYPES = YES;
				CLANG_WARN_SUSPICIOUS_MOVE = YES;
				CLANG_WARN_UNGUARDED_AVAILABILITY = YES_AGGRESSIVE;
				CLANG_WARN_UNREACHABLE_CODE = YES;
				CLANG_WARN__DUPLICATE_METHOD_MATCH = YES;
				COPY_PHASE_STRIP = NO;
				DEBUG_INFORMATION_FORMAT = "dwarf-with-dsym";
				ENABLE_NS_ASSERTIONS = NO;
				ENABLE_STRICT_OBJC_MSGSEND = YES;
				GCC_C_LANGUAGE_STANDARD = gnu11;
				GCC_NO_COMMON_BLOCKS = YES;
				GCC_WARN_64_TO_32_BIT_CONVERSION = YES;
				GCC_WARN_ABOUT_RETURN_TYPE = YES_ERROR;
				GCC_WARN_UNDECLARED_SELECTOR = YES;
				GCC_WARN_UNINITIALIZED_AUTOS = YES_AGGRESSIVE;
				GCC_WARN_UNUSED_FUNCTION = YES;
				GCC_WARN_UNUSED_VARIABLE = YES;
				IPHONEOS_DEPLOYMENT_TARGET = 14.0;
				MTL_ENABLE_DEBUG_INFO = NO;
				MTL_FAST_MATH = YES;
				SDKROOT = iphoneos;
				SWIFT_COMPILATION_MODE = wholemodule;
				SWIFT_OPTIMIZATION_LEVEL = "-O";
				VALIDATE_PRODUCT = YES;
			};
			name = Release;
		};
		47975342258BA80600F48353 /* Debug */ = {
			isa = XCBuildConfiguration;
			buildSettings = {
				ASSETCATALOG_COMPILER_APPICON_NAME = AppIcon;
				ASSETCATALOG_COMPILER_GLOBAL_ACCENT_COLOR_NAME = AccentColor;
				CODE_SIGN_STYLE = Automatic;
				DEVELOPMENT_TEAM = 9292Q3JYVD;
				INFOPLIST_FILE = GlassSelectionDemo/Info.plist;
				IPHONEOS_DEPLOYMENT_TARGET = 14.0;
				LD_RUNPATH_SEARCH_PATHS = (
					"$(inherited)",
					"@executable_path/Frameworks",
				);
				PRODUCT_BUNDLE_IDENTIFIER = re.andersen..com.swiftycam;
				PRODUCT_NAME = "$(TARGET_NAME)";
				SWIFT_VERSION = 5.0;
				TARGETED_DEVICE_FAMILY = "1,2";
			};
			name = Debug;
		};
		47975343258BA80600F48353 /* Release */ = {
			isa = XCBuildConfiguration;
			buildSettings = {
				ASSETCATALOG_COMPILER_APPICON_NAME = AppIcon;
				ASSETCATALOG_COMPILER_GLOBAL_ACCENT_COLOR_NAME = AccentColor;
				CODE_SIGN_STYLE = Automatic;
				DEVELOPMENT_TEAM = 9292Q3JYVD;
				INFOPLIST_FILE = GlassSelectionDemo/Info.plist;
				IPHONEOS_DEPLOYMENT_TARGET = 14.0;
				LD_RUNPATH_SEARCH_PATHS = (
					"$(inherited)",
					"@executable_path/Frameworks",
				);
				PRODUCT_BUNDLE_IDENTIFIER = re.andersen..com.swiftycam;
				PRODUCT_NAME = "$(TARGET_NAME)";
				SWIFT_VERSION = 5.0;
				TARGETED_DEVICE_FAMILY = "1,2";
			};
			name = Release;
		};
		47975345258BA80600F48353 /* Debug */ = {
			isa = XCBuildConfiguration;
			buildSettings = {
				ALWAYS_EMBED_SWIFT_STANDARD_LIBRARIES = YES;
				BUNDLE_LOADER = "$(TEST_HOST)";
				CODE_SIGN_STYLE = Automatic;
				INFOPLIST_FILE = GlassSelectionDemoTests/Info.plist;
				IPHONEOS_DEPLOYMENT_TARGET = 14.0;
				LD_RUNPATH_SEARCH_PATHS = (
					"$(inherited)",
					"@executable_path/Frameworks",
					"@loader_path/Frameworks",
				);
				PRODUCT_BUNDLE_IDENTIFIER = com.capgemini.com.GlassSelectionDemoTests;
				PRODUCT_NAME = "$(TARGET_NAME)";
				SWIFT_VERSION = 5.0;
				TARGETED_DEVICE_FAMILY = "1,2";
				TEST_HOST = "$(BUILT_PRODUCTS_DIR)/GlassSelectionDemo.app/GlassSelectionDemo";
			};
			name = Debug;
		};
		47975346258BA80600F48353 /* Release */ = {
			isa = XCBuildConfiguration;
			buildSettings = {
				ALWAYS_EMBED_SWIFT_STANDARD_LIBRARIES = YES;
				BUNDLE_LOADER = "$(TEST_HOST)";
				CODE_SIGN_STYLE = Automatic;
				INFOPLIST_FILE = GlassSelectionDemoTests/Info.plist;
				IPHONEOS_DEPLOYMENT_TARGET = 14.0;
				LD_RUNPATH_SEARCH_PATHS = (
					"$(inherited)",
					"@executable_path/Frameworks",
					"@loader_path/Frameworks",
				);
				PRODUCT_BUNDLE_IDENTIFIER = com.capgemini.com.GlassSelectionDemoTests;
				PRODUCT_NAME = "$(TARGET_NAME)";
				SWIFT_VERSION = 5.0;
				TARGETED_DEVICE_FAMILY = "1,2";
				TEST_HOST = "$(BUILT_PRODUCTS_DIR)/GlassSelectionDemo.app/GlassSelectionDemo";
			};
			name = Release;
		};
		47975348258BA80600F48353 /* Debug */ = {
			isa = XCBuildConfiguration;
			buildSettings = {
				ALWAYS_EMBED_SWIFT_STANDARD_LIBRARIES = YES;
				CODE_SIGN_STYLE = Automatic;
				INFOPLIST_FILE = GlassSelectionDemoUITests/Info.plist;
				LD_RUNPATH_SEARCH_PATHS = (
					"$(inherited)",
					"@executable_path/Frameworks",
					"@loader_path/Frameworks",
				);
				PRODUCT_BUNDLE_IDENTIFIER = com.capgemini.com.GlassSelectionDemoUITests;
				PRODUCT_NAME = "$(TARGET_NAME)";
				SWIFT_VERSION = 5.0;
				TARGETED_DEVICE_FAMILY = "1,2";
				TEST_TARGET_NAME = GlassSelectionDemo;
			};
			name = Debug;
		};
		47975349258BA80600F48353 /* Release */ = {
			isa = XCBuildConfiguration;
			buildSettings = {
				ALWAYS_EMBED_SWIFT_STANDARD_LIBRARIES = YES;
				CODE_SIGN_STYLE = Automatic;
				INFOPLIST_FILE = GlassSelectionDemoUITests/Info.plist;
				LD_RUNPATH_SEARCH_PATHS = (
					"$(inherited)",
					"@executable_path/Frameworks",
					"@loader_path/Frameworks",
				);
				PRODUCT_BUNDLE_IDENTIFIER = com.capgemini.com.GlassSelectionDemoUITests;
				PRODUCT_NAME = "$(TARGET_NAME)";
				SWIFT_VERSION = 5.0;
				TARGETED_DEVICE_FAMILY = "1,2";
				TEST_TARGET_NAME = GlassSelectionDemo;
			};
			name = Release;
		};
/* End XCBuildConfiguration section */

/* Begin XCConfigurationList section */
		47975312258BA80500F48353 /* Build configuration list for PBXProject "GlassSelectionDemo" */ = {
			isa = XCConfigurationList;
			buildConfigurations = (
				4797533F258BA80600F48353 /* Debug */,
				47975340258BA80600F48353 /* Release */,
			);
			defaultConfigurationIsVisible = 0;
			defaultConfigurationName = Release;
		};
		47975341258BA80600F48353 /* Build configuration list for PBXNativeTarget "GlassSelectionDemo" */ = {
			isa = XCConfigurationList;
			buildConfigurations = (
				47975342258BA80600F48353 /* Debug */,
				47975343258BA80600F48353 /* Release */,
			);
			defaultConfigurationIsVisible = 0;
			defaultConfigurationName = Release;
		};
		47975344258BA80600F48353 /* Build configuration list for PBXNativeTarget "GlassSelectionDemoTests" */ = {
			isa = XCConfigurationList;
			buildConfigurations = (
				47975345258BA80600F48353 /* Debug */,
				47975346258BA80600F48353 /* Release */,
			);
			defaultConfigurationIsVisible = 0;
			defaultConfigurationName = Release;
		};
		47975347258BA80600F48353 /* Build configuration list for PBXNativeTarget "GlassSelectionDemoUITests" */ = {
			isa = XCConfigurationList;
			buildConfigurations = (
				47975348258BA80600F48353 /* Debug */,
				47975349258BA80600F48353 /* Release */,
			);
			defaultConfigurationIsVisible = 0;
			defaultConfigurationName = Release;
		};
/* End XCConfigurationList section */
	};
	rootObject = 4797530F258BA80500F48353 /* Project object */;
}
